
Microsoft Visual Studio Solution File, Format Version 12.00
# Visual Studio Version 16
VisualStudioVersion = 16.0.30204.135
MinimumVisualStudioVersion = 10.0.40219.1
Project("{9A19103F-16F7-4668-BE54-9A1E7A4F7556}") = "MovieStore.MVC", "MovieStore.MVC\MovieStore.MVC.csproj", "{88774510-0083-4758-BFCD-2B0D8A788DD4}"
EndProject
Project("{9A19103F-16F7-4668-BE54-9A1E7A4F7556}") = "MovieStore.Core", "MovieStore.Core\MovieStore.Core.csproj", "{3E730FFE-1DEF-4E9F-B1C2-3183BAFC39A2}"
EndProject
Project("{9A19103F-16F7-4668-BE54-9A1E7A4F7556}") = "MovieStore.Infrastructure", "MovieStore.Infrastructure\MovieStore.Infrastructure.csproj", "{3DE0F630-8959-4D19-A562-654B37811B6E}"
EndProject
Global
	GlobalSection(SolutionConfigurationPlatforms) = preSolution
		Debug|Any CPU = Debug|Any CPU
		Release|Any CPU = Release|Any CPU
	EndGlobalSection
	GlobalSection(ProjectConfigurationPlatforms) = postSolution
		{88774510-0083-4758-BFCD-2B0D8A788DD4}.Debug|Any CPU.ActiveCfg = Debug|Any CPU
		{88774510-0083-4758-BFCD-2B0D8A788DD4}.Debug|Any CPU.Build.0 = Debug|Any CPU
		{88774510-0083-4758-BFCD-2B0D8A788DD4}.Release|Any CPU.ActiveCfg = Release|Any CPU
		{88774510-0083-4758-BFCD-2B0D8A788DD4}.Release|Any CPU.Build.0 = Release|Any CPU
		{3E730FFE-1DEF-4E9F-B1C2-3183BAFC39A2}.Debug|Any CPU.ActiveCfg = Debug|Any CPU
		{3E730FFE-1DEF-4E9F-B1C2-3183BAFC39A2}.Debug|Any CPU.Build.0 = Debug|Any CPU
		{3E730FFE-1DEF-4E9F-B1C2-3183BAFC39A2}.Release|Any CPU.ActiveCfg = Release|Any CPU
		{3E730FFE-1DEF-4E9F-B1C2-3183BAFC39A2}.Release|Any CPU.Build.0 = Release|Any CPU
		{3DE0F630-8959-4D19-A562-654B37811B6E}.Debug|Any CPU.ActiveCfg = Debug|Any CPU
		{3DE0F630-8959-4D19-A562-654B37811B6E}.Debug|Any CPU.Build.0 = Debug|Any CPU
		{3DE0F630-8959-4D19-A562-654B37811B6E}.Release|Any CPU.ActiveCfg = Release|Any CPU
		{3DE0F630-8959-4D19-A562-654B37811B6E}.Release|Any CPU.Build.0 = Release|Any CPU
	EndGlobalSection
	GlobalSection(SolutionProperties) = preSolution
		HideSolutionNode = FALSE
	EndGlobalSection
	GlobalSection(ExtensibilityGlobals) = postSolution
		SolutionGuid = {977C56A1-29B2-4F94-B302-2F591B4629F5}
	EndGlobalSection
EndGlobal
